Microsoft Visual Studio Solution File, Format Version 12.00
# Visual Studio Version 17
VisualStudioVersion = 17.5.2.0
MinimumVisualStudioVersion = 10.0.40219.1
Project("{2150E333-8FDC-42A3-9474-1A3956D46DE8}") = "Projects", "Projects", "{17245595-230B-9055-A944-863F0DDDA8E8}"
EndProject
Project("{FAE04EC0-301F-11D3-BF4B-00C04F79EFBC}") = "ActivityCenter", "Projects\ActivityCenter\ActivityCenter.csproj", "{1DBC926D-186B-7D0A-B8F9-FC9E19AB11B5}"
EndProject
Global
	GlobalSection(SolutionConfigurationPlatforms) = preSolution
		Debug|Any CPU = Debug|Any CPU
		Release|Any CPU = Release|Any CPU
	EndGlobalSection
	GlobalSection(ProjectConfigurationPlatforms) = postSolution
		{1DBC926D-186B-7D0A-B8F9-FC9E19AB11B5}.Debug|Any CPU.ActiveCfg = Debug|Any CPU
		{1DBC926D-186B-7D0A-B8F9-FC9E19AB11B5}.Debug|Any CPU.Build.0 = Debug|Any CPU
		{1DBC926D-186B-7D0A-B8F9-FC9E19AB11B5}.Release|Any CPU.ActiveCfg = Release|Any CPU
		{1DBC926D-186B-7D0A-B8F9-FC9E19AB11B5}.Release|Any CPU.Build.0 = Release|Any CPU
	EndGlobalSection
	GlobalSection(SolutionProperties) = preSolution
		HideSolutionNode = FALSE
	EndGlobalSection
	GlobalSection(NestedProjects) = preSolution
		{1DBC926D-186B-7D0A-B8F9-FC9E19AB11B5} = {17245595-230B-9055-A944-863F0DDDA8E8}
	EndGlobalSection
	GlobalSection(ExtensibilityGlobals) = postSolution
		SolutionGuid = {BEFD52D1-8255-4EA3-B4CE-A8F9E8210037}
	EndGlobalSection
EndGlobal
