
Microsoft Visual Studio Solution File, Format Version 12.00
# Visual Studio Version 17
VisualStudioVersion = 17.13.35818.85 d17.13
MinimumVisualStudioVersion = 10.0.40219.1
Project("{FAE04EC0-301F-11D3-BF4B-00C04F79EFBC}") = "Datatypes", "ConsoleApp\Datatypes.csproj", "{96D1DEEE-52F1-4DD8-B1D7-11F14A84FD68}"
EndProject
Global
	GlobalSection(SolutionConfigurationPlatforms) = preSolution
		Debug|Any CPU = Debug|Any CPU
		Release|Any CPU = Release|Any CPU
	EndGlobalSection
	GlobalSection(ProjectConfigurationPlatforms) = postSolution
		{96D1DEEE-52F1-4DD8-B1D7-11F14A84FD68}.Debug|Any CPU.ActiveCfg = Debug|Any CPU
		{96D1DEEE-52F1-4DD8-B1D7-11F14A84FD68}.Debug|Any CPU.Build.0 = Debug|Any CPU
		{96D1DEEE-52F1-4DD8-B1D7-11F14A84FD68}.Release|Any CPU.ActiveCfg = Release|Any CPU
		{96D1DEEE-52F1-4DD8-B1D7-11F14A84FD68}.Release|Any CPU.Build.0 = Release|Any CPU
	EndGlobalSection
	GlobalSection(SolutionProperties) = preSolution
		HideSolutionNode = FALSE
	EndGlobalSection
	GlobalSection(ExtensibilityGlobals) = postSolution
		SolutionGuid = {6FCDFDEB-C7EB-470C-A5B1-F9459FF3E52A}
	EndGlobalSection
EndGlobal
